
Microsoft Visual Studio Solution File, Format Version 12.00
# Visual Studio Version 17
VisualStudioVersion = 17.5.002.0
MinimumVisualStudioVersion = 10.0.40219.1
Project("{9A19103F-16F7-4668-BE54-9A1E7A4F7556}") = "Exo.WebApi", "Exo.WebApi.csproj", "{84EDEDA4-7499-44E4-9496-413A29221E11}"
EndProject
Global
	GlobalSection(SolutionConfigurationPlatforms) = preSolution
		Debug|Any CPU = Debug|Any CPU
		Release|Any CPU = Release|Any CPU
	EndGlobalSection
	GlobalSection(ProjectConfigurationPlatforms) = postSolution
		{84EDEDA4-7499-44E4-9496-413A29221E11}.Debug|Any CPU.ActiveCfg = Debug|Any CPU
		{84EDEDA4-7499-44E4-9496-413A29221E11}.Debug|Any CPU.Build.0 = Debug|Any CPU
		{84EDEDA4-7499-44E4-9496-413A29221E11}.Release|Any CPU.ActiveCfg = Release|Any CPU
		{84EDEDA4-7499-44E4-9496-413A29221E11}.Release|Any CPU.Build.0 = Release|Any CPU
	EndGlobalSection
	GlobalSection(SolutionProperties) = preSolution
		HideSolutionNode = FALSE
	EndGlobalSection
	GlobalSection(ExtensibilityGlobals) = postSolution
		SolutionGuid = {691322C1-5785-43B2-9573-CE254BF2CE6F}
	EndGlobalSection
EndGlobal
